
Microsoft Visual Studio Solution File, Format Version 12.00
# Visual Studio Version 17
VisualStudioVersion = 17.5.002.0
MinimumVisualStudioVersion = 10.0.40219.1
Project("{9A19103F-16F7-4668-BE54-9A1E7A4F7556}") = "InduMovel", "InduMovel.csproj", "{564CD11A-2A5E-44B6-93EA-6096BCC65AED}"
EndProject
Global
	GlobalSection(SolutionConfigurationPlatforms) = preSolution
		Debug|Any CPU = Debug|Any CPU
		Release|Any CPU = Release|Any CPU
	EndGlobalSection
	GlobalSection(ProjectConfigurationPlatforms) = postSolution
		{564CD11A-2A5E-44B6-93EA-6096BCC65AED}.Debug|Any CPU.ActiveCfg = Debug|Any CPU
		{564CD11A-2A5E-44B6-93EA-6096BCC65AED}.Debug|Any CPU.Build.0 = Debug|Any CPU
		{564CD11A-2A5E-44B6-93EA-6096BCC65AED}.Release|Any CPU.ActiveCfg = Release|Any CPU
		{564CD11A-2A5E-44B6-93EA-6096BCC65AED}.Release|Any CPU.Build.0 = Release|Any CPU
	EndGlobalSection
	GlobalSection(SolutionProperties) = preSolution
		HideSolutionNode = FALSE
	EndGlobalSection
	GlobalSection(ExtensibilityGlobals) = postSolution
		SolutionGuid = {ECA727DF-861B-48EC-A37A-9C393FDDED7B}
	EndGlobalSection
EndGlobal
